
Microsoft Visual Studio Solution File, Format Version 12.00
# Visual Studio Version 17
VisualStudioVersion = 17.0.32014.148
MinimumVisualStudioVersion = 10.0.40219.1
Project("{9A19103F-16F7-4668-BE54-9A1E7A4F7556}") = "ServiceProviderContextualBinding", "src\ServiceProviderContextualBinding\ServiceProviderContextualBinding.csproj", "{982344D7-774B-462C-BEB6-19A3AB809788}"
EndProject
Project("{FAE04EC0-301F-11D3-BF4B-00C04F79EFBC}") = "ServiceProviderContextualBinding.Tests", "test\ServiceProviderContextualBinding.Tests\ServiceProviderContextualBinding.Tests.csproj", "{A5FA3EE3-96CE-46B1-9CF0-69CFC52C57B2}"
EndProject
Global
	GlobalSection(SolutionConfigurationPlatforms) = preSolution
		Debug|Any CPU = Debug|Any CPU
		Release|Any CPU = Release|Any CPU
	EndGlobalSection
	GlobalSection(ProjectConfigurationPlatforms) = postSolution
		{982344D7-774B-462C-BEB6-19A3AB809788}.Debug|Any CPU.ActiveCfg = Debug|Any CPU
		{982344D7-774B-462C-BEB6-19A3AB809788}.Debug|Any CPU.Build.0 = Debug|Any CPU
		{982344D7-774B-462C-BEB6-19A3AB809788}.Release|Any CPU.ActiveCfg = Release|Any CPU
		{982344D7-774B-462C-BEB6-19A3AB809788}.Release|Any CPU.Build.0 = Release|Any CPU
		{A5FA3EE3-96CE-46B1-9CF0-69CFC52C57B2}.Debug|Any CPU.ActiveCfg = Debug|Any CPU
		{A5FA3EE3-96CE-46B1-9CF0-69CFC52C57B2}.Debug|Any CPU.Build.0 = Debug|Any CPU
		{A5FA3EE3-96CE-46B1-9CF0-69CFC52C57B2}.Release|Any CPU.ActiveCfg = Release|Any CPU
		{A5FA3EE3-96CE-46B1-9CF0-69CFC52C57B2}.Release|Any CPU.Build.0 = Release|Any CPU
	EndGlobalSection
	GlobalSection(SolutionProperties) = preSolution
		HideSolutionNode = FALSE
	EndGlobalSection
	GlobalSection(ExtensibilityGlobals) = postSolution
		SolutionGuid = {5C8746EE-0D97-495A-B922-3F8466828F4F}
	EndGlobalSection
EndGlobal
